<?xml version="1.0" encoding="utf-8"?>
<Project ToolsVersion="4.0" xmlns="http://schemas.microsoft.com/developer/msbuild/2003">
  <ItemGroup>
    <Filter Include="Source Files">
      <UniqueIdentifier>{4FC737F1-C7A5-4376-A066-2A32D752A2FF}</UniqueIdentifier>
      <Extensions>cpp;c;cc;cxx;def;odl;idl;hpj;bat;asm;asmx</Extensions>
    </Filter>
    <Filter Include="Header Files">
      <UniqueIdentifier>{93995380-89BD-4b04-88EB-625FBE52EBFB}</UniqueIdentifier>
      <Extensions>h;hh;hpp;hxx;hm;inl;inc;xsd</Extensions>
    </Filter>
    <Filter Include="Resource Files">
      <UniqueIdentifier>{67DA6AB6-F800-4c08-8B7A-83BB121AAD01}</UniqueIdentifier>
      <Extensions>rc;ico;cur;bmp;dlg;rc2;rct;bin;rgs;gif;jpg;jpeg;jpe;resx;tiff;tif;png;wav;mfcribbon-ms</Extensions>
    </Filter>
    <Filter Include="Shaders">
      <UniqueIdentifier>{f14588a6-4bb4-4463-8b77-728795bb05c0}</UniqueIdentifier>
    </Filter>
    <Filter Include="Shaders\Particle system">
      <UniqueIdentifier>{8ad4cb5f-9961-4739-b7ec-c06c29851845}</UniqueIdentifier>
    </Filter>
  </ItemGroup>
  <ItemGroup>
    <ClCompile Include="src\GraphicsEngine\DirectXUtil.cpp">
      <Filter>Source Files</Filter>
    </ClCompile>
    <ClCompile Include="src\GraphicsEngine\GeometryGenerator.cpp">
      <Filter>Source Files</Filter>
    </ClCompile>
    <ClCompile Include="src\GraphicsEngine\GraphicsEngine.cpp">
      <Filter>Source Files</Filter>
    </ClCompile>
    <ClCompile Include="src\GraphicsEngine\OrthoWindow.cpp">
      <Filter>Source Files</Filter>
    </ClCompile>
    <ClCompile Include="src\GraphicsEngine\RenderStates.cpp">
      <Filter>Source Files</Filter>
    </ClCompile>
    <ClCompile Include="src\GraphicsEngine\ShaderHandler.cpp">
      <Filter>Source Files</Filter>
    </ClCompile>
    <ClCompile Include="src\GraphicsEngine\Sky.cpp">
      <Filter>Source Files</Filter>
    </ClCompile>
    <ClCompile Include="src\GraphicsEngine\TextureManager.cpp">
      <Filter>Source Files</Filter>
    </ClCompile>
    <ClCompile Include="src\GraphicsEngine\Vertex.cpp">
      <Filter>Source Files</Filter>
    </ClCompile>
    <ClCompile Include="src\GraphicsEngine\DeferredBuffers.cpp">
      <Filter>Source Files</Filter>
    </ClCompile>
    <ClCompile Include="src\GraphicsEngine\Direct3D.cpp">
      <Filter>Source Files</Filter>
    </ClCompile>
    <ClCompile Include="src\GraphicsEngine\Camera.cpp">
      <Filter>Source Files</Filter>
    </ClCompile>
    <ClCompile Include="src\GraphicsEngine\GraphicsEngineImpl.cpp">
      <Filter>Source Files</Filter>
    </ClCompile>
    <ClCompile Include="src\GraphicsEngine\ParticleSystem.cpp">
      <Filter>Source Files</Filter>
    </ClCompile>
    <ClCompile Include="src\GraphicsEngine\CameraController.cpp">
      <Filter>Source Files</Filter>
    </ClCompile>
    <ClCompile Include="src\GraphicsEngine\CameraControllerImpl.cpp">
      <Filter>Source Files</Filter>
    </ClCompile>
  </ItemGroup>
  <ItemGroup>
    <ClInclude Include="src\GraphicsEngine\DeferredBuffers.h">
      <Filter>Header Files</Filter>
    </ClInclude>
    <ClInclude Include="src\GraphicsEngine\Direct3D.h">
      <Filter>Header Files</Filter>
    </ClInclude>
    <ClInclude Include="src\GraphicsEngine\DirectXUtil.h">
      <Filter>Header Files</Filter>
    </ClInclude>
    <ClInclude Include="src\GraphicsEngine\GeometryGenerator.h">
      <Filter>Header Files</Filter>
    </ClInclude>
    <ClInclude Include="src\GraphicsEngine\GraphicsEngine.h">
      <Filter>Header Files</Filter>
    </ClInclude>
    <ClInclude Include="src\GraphicsEngine\LightDef.h">
      <Filter>Header Files</Filter>
    </ClInclude>
    <ClInclude Include="src\GraphicsEngine\OrthoWindow.h">
      <Filter>Header Files</Filter>
    </ClInclude>
    <ClInclude Include="src\GraphicsEngine\RenderStates.h">
      <Filter>Header Files</Filter>
    </ClInclude>
    <ClInclude Include="src\GraphicsEngine\ShaderHandler.h">
      <Filter>Header Files</Filter>
    </ClInclude>
    <ClInclude Include="src\GraphicsEngine\Sky.h">
      <Filter>Header Files</Filter>
    </ClInclude>
    <ClInclude Include="src\GraphicsEngine\TextureManager.h">
      <Filter>Header Files</Filter>
    </ClInclude>
    <ClInclude Include="src\GraphicsEngine\Vertex.h">
      <Filter>Header Files</Filter>
    </ClInclude>
    <ClInclude Include="src\GraphicsEngine\Camera.h">
      <Filter>Header Files</Filter>
    </ClInclude>
    <ClInclude Include="src\GraphicsEngine\GraphicsEngineImpl.h">
      <Filter>Header Files</Filter>
    </ClInclude>
    <ClInclude Include="src\GraphicsEngine\ParticleSystem.h">
      <Filter>Header Files</Filter>
    </ClInclude>
    <ClInclude Include="src\GraphicsEngine\CameraController.h">
      <Filter>Header Files</Filter>
    </ClInclude>
    <ClInclude Include="src\GraphicsEngine\CameraControllerImpl.h">
      <Filter>Header Files</Filter>
    </ClInclude>
  </ItemGroup>
  <ItemGroup>
    <FxCompile Include="src\GraphicsEngine\Shaders\BasicDeferredPS.hlsl">
      <Filter>Shaders</Filter>
    </FxCompile>
    <FxCompile Include="src\GraphicsEngine\Shaders\BasicDeferredVS.hlsl">
      <Filter>Shaders</Filter>
    </FxCompile>
    <FxCompile Include="src\GraphicsEngine\Shaders\LightDeferredPS_ToTexture.hlsl">
      <Filter>Shaders</Filter>
    </FxCompile>
    <FxCompile Include="src\GraphicsEngine\Shaders\LightDeferredVS.hlsl">
      <Filter>Shaders</Filter>
    </FxCompile>
    <FxCompile Include="src\GraphicsEngine\Shaders\LightDeferredPS.hlsl">
      <Filter>Shaders</Filter>
    </FxCompile>
    <FxCompile Include="src\GraphicsEngine\Shaders\SkyDeferredPS.hlsl">
      <Filter>Shaders</Filter>
    </FxCompile>
    <FxCompile Include="src\GraphicsEngine\Shaders\SkyDeferredVS.hlsl">
      <Filter>Shaders</Filter>
    </FxCompile>
    <FxCompile Include="src\GraphicsEngine\Shaders\SphereParticleSystemCS.hlsl">
      <Filter>Shaders\Particle system</Filter>
    </FxCompile>
    <FxCompile Include="src\GraphicsEngine\Shaders\ParticleDrawVS.hlsl">
      <Filter>Shaders\Particle system</Filter>
    </FxCompile>
    <FxCompile Include="src\GraphicsEngine\Shaders\ParticleDrawPS.hlsl">
      <Filter>Shaders\Particle system</Filter>
    </FxCompile>
    <FxCompile Include="src\GraphicsEngine\Shaders\ParticleDrawGS.hlsl">
      <Filter>Shaders\Particle system</Filter>
    </FxCompile>
    <FxCompile Include="src\GraphicsEngine\Shaders\SphereParticleSystem_CollisonCS.hlsl">
      <Filter>Shaders\Particle system</Filter>
    </FxCompile>
    <FxCompile Include="src\GraphicsEngine\Shaders\BitonicSortCS.hlsl">
      <Filter>Shaders\Particle system</Filter>
    </FxCompile>
    <FxCompile Include="src\GraphicsEngine\Shaders\MatrixTransposeCS.hlsl">
      <Filter>Shaders\Particle system</Filter>
    </FxCompile>
    <FxCompile Include="src\GraphicsEngine\Shaders\GridIndicesClearCS.hlsl">
      <Filter>Shaders\Particle system</Filter>
    </FxCompile>
    <FxCompile Include="src\GraphicsEngine\Shaders\GridIndicesBuildCS.hlsl">
      <Filter>Shaders\Particle system</Filter>
    </FxCompile>
    <FxCompile Include="src\GraphicsEngine\Shaders\ParticleRearrangeCS.hlsl">
      <Filter>Shaders\Particle system</Filter>
    </FxCompile>
    <FxCompile Include="src\GraphicsEngine\Shaders\GridBuildCS.hlsl">
      <Filter>Shaders\Particle system</Filter>
    </FxCompile>
    <FxCompile Include="src\GraphicsEngine\Shaders\ParticleDensityCS.hlsl">
      <Filter>Shaders\Particle system</Filter>
    </FxCompile>
    <FxCompile Include="src\GraphicsEngine\Shaders\ParticleForcesCS.hlsl">
      <Filter>Shaders\Particle system</Filter>
    </FxCompile>
  </ItemGroup>
  <ItemGroup>
    <None Include="src\GraphicsEngine\Shaders\LightDef.hlsli">
      <Filter>Shaders</Filter>
    </None>
    <None Include="src\GraphicsEngine\Shaders\Common.hlsli">
      <Filter>Shaders</Filter>
    </None>
    <None Include="src\GraphicsEngine\Shaders\ParticleDef.hlsli">
      <Filter>Shaders\Particle system</Filter>
    </None>
    <None Include="src\GraphicsEngine\Shaders\ParticleSystemDef.hlsli">
      <Filter>Shaders\Particle system</Filter>
    </None>
    <None Include="src\GraphicsEngine\Shaders\ParticleSystemCS_Helper.hlsli">
      <Filter>Shaders\Particle system</Filter>
    </None>
  </ItemGroup>
</Project>